
Microsoft Visual Studio Solution File, Format Version 12.00
# Visual Studio Version 16
VisualStudioVersion = 16.0.32002.261
MinimumVisualStudioVersion = 10.0.40219.1
Project("{778DAE3C-4631-46EA-AA77-85C1314464D9}") = "RecordGenerator", "RecordGenerator\RecordGenerator.vbproj", "{E1FA5F0F-1290-4730-87AB-ABB9AABBD6DB}"
EndProject
Project("{778DAE3C-4631-46EA-AA77-85C1314464D9}") = "Sample", "Sample\Sample.vbproj", "{0FA7148D-9FE1-450D-B69E-3DB0F5D5DE32}"
EndProject
Project("{778DAE3C-4631-46EA-AA77-85C1314464D9}") = "RecordGenerator.Tests", "RecordGeneratorTests\RecordGenerator.Tests.vbproj", "{B36F5EAD-7B41-46D8-A379-18BB2052AD9C}"
EndProject
Project("{2150E333-8FDC-42A3-9474-1A3956D46DE8}") = "Solution Items", "Solution Items", "{566157EC-B343-4F4A-B814-AD5B32AEB9C6}"
EndProject
Global
	GlobalSection(SolutionConfigurationPlatforms) = preSolution
		Debug|Any CPU = Debug|Any CPU
		Release|Any CPU = Release|Any CPU
	EndGlobalSection
	GlobalSection(ProjectConfigurationPlatforms) = postSolution
		{E1FA5F0F-1290-4730-87AB-ABB9AABBD6DB}.Debug|Any CPU.ActiveCfg = Debug|Any CPU
		{E1FA5F0F-1290-4730-87AB-ABB9AABBD6DB}.Debug|Any CPU.Build.0 = Debug|Any CPU
		{E1FA5F0F-1290-4730-87AB-ABB9AABBD6DB}.Release|Any CPU.ActiveCfg = Release|Any CPU
		{E1FA5F0F-1290-4730-87AB-ABB9AABBD6DB}.Release|Any CPU.Build.0 = Release|Any CPU
		{0FA7148D-9FE1-450D-B69E-3DB0F5D5DE32}.Debug|Any CPU.ActiveCfg = Debug|Any CPU
		{0FA7148D-9FE1-450D-B69E-3DB0F5D5DE32}.Debug|Any CPU.Build.0 = Debug|Any CPU
		{0FA7148D-9FE1-450D-B69E-3DB0F5D5DE32}.Release|Any CPU.ActiveCfg = Release|Any CPU
		{0FA7148D-9FE1-450D-B69E-3DB0F5D5DE32}.Release|Any CPU.Build.0 = Release|Any CPU
		{B36F5EAD-7B41-46D8-A379-18BB2052AD9C}.Debug|Any CPU.ActiveCfg = Debug|Any CPU
		{B36F5EAD-7B41-46D8-A379-18BB2052AD9C}.Debug|Any CPU.Build.0 = Debug|Any CPU
		{B36F5EAD-7B41-46D8-A379-18BB2052AD9C}.Release|Any CPU.ActiveCfg = Release|Any CPU
		{B36F5EAD-7B41-46D8-A379-18BB2052AD9C}.Release|Any CPU.Build.0 = Release|Any CPU
	EndGlobalSection
	GlobalSection(SolutionProperties) = preSolution
		HideSolutionNode = FALSE
	EndGlobalSection
	GlobalSection(ExtensibilityGlobals) = postSolution
		SolutionGuid = {74E526A4-147B-498B-B23E-5A0733F526CE}
	EndGlobalSection
EndGlobal
